// !$*UTF8*$!
{
	archiveVersion = 1;
	classes = {
	};
	objectVersion = 46;
	objects = {

/* Begin PBXBuildFile section */
		52A5B0D71D36F2FD0079BA36 /* AppDelegate.swift in Sources */ = {isa = PBXBuildFile; fileRef = 52A5B0D61D36F2FD0079BA36 /* AppDelegate.swift */; };
		52A5B0D91D36F2FD0079BA36 /* GameScene.sks in Resources */ = {isa = PBXBuildFile; fileRef = 52A5B0D81D36F2FD0079BA36 /* GameScene.sks */; };
		52A5B0DB1D36F2FD0079BA36 /* GameScene.swift in Sources */ = {isa = PBXBuildFile; fileRef = 52A5B0DA1D36F2FD0079BA36 /* GameScene.swift */; };
		52A5B0DD1D36F2FD0079BA36 /* GameViewController.swift in Sources */ = {isa = PBXBuildFile; fileRef = 52A5B0DC1D36F2FD0079BA36 /* GameViewController.swift */; };
		52A5B0E01D36F2FD0079BA36 /* Main.storyboard in Resources */ = {isa = PBXBuildFile; fileRef = 52A5B0DE1D36F2FD0079BA36 /* Main.storyboard */; };
		52A5B0E21D36F2FD0079BA36 /* Assets.xcassets in Resources */ = {isa = PBXBuildFile; fileRef = 52A5B0E11D36F2FD0079BA36 /* Assets.xcassets */; };
		52A5B0E51D36F2FD0079BA36 /* LaunchScreen.storyboard in Resources */ = {isa = PBXBuildFile; fileRef = 52A5B0E31D36F2FD0079BA36 /* LaunchScreen.storyboard */; };
/* End PBXBuildFile section */

/* Begin PBXFileReference section */
		52A5B0D31D36F2FD0079BA36 /* WrongCastle.app */ = {isa = PBXFileReference; explicitFileType = wrapper.application; includeInIndex = 0; path = WrongCastle.app; sourceTree = BUILT_PRODUCTS_DIR; };
		52A5B0D61D36F2FD0079BA36 /* AppDelegate.swift */ = {isa = PBXFileReference; lastKnownFileType = sourcecode.swift; path = AppDelegate.swift; sourceTree = "<group>"; };
		52A5B0D81D36F2FD0079BA36 /* GameScene.sks */ = {isa = PBXFileReference; lastKnownFileType = file.sks; path = GameScene.sks; sourceTree = "<group>"; };
		52A5B0DA1D36F2FD0079BA36 /* GameScene.swift */ = {isa = PBXFileReference; lastKnownFileType = sourcecode.swift; path = GameScene.swift; sourceTree = "<group>"; };
		52A5B0DC1D36F2FD0079BA36 /* GameViewController.swift */ = {isa = PBXFileReference; lastKnownFileType = sourcecode.swift; path = GameViewController.swift; sourceTree = "<group>"; };
		52A5B0DF1D36F2FD0079BA36 /* Base */ = {isa = PBXFileReference; lastKnownFileType = file.storyboard; name = Base; path = Base.lproj/Main.storyboard; sourceTree = "<group>"; };
		52A5B0E11D36F2FD0079BA36 /* Assets.xcassets */ = {isa = PBXFileReference; lastKnownFileType = folder.assetcatalog; path = Assets.xcassets; sourceTree = "<group>"; };
		52A5B0E41D36F2FD0079BA36 /* Base */ = {isa = PBXFileReference; lastKnownFileType = file.storyboard; name = Base; path = Base.lproj/LaunchScreen.storyboard; sourceTree = "<group>"; };
		52A5B0E61D36F2FD0079BA36 /* Info.plist */ = {isa = PBXFileReference; lastKnownFileType = text.plist.xml; path = Info.plist; sourceTree = "<group>"; };
/* End PBXFileReference section */

/* Begin PBXFrameworksBuildPhase section */
		52A5B0D01D36F2FD0079BA36 /* Frameworks */ = {
			isa = PBXFrameworksBuildPhase;
			buildActionMask = 2147483647;
			files = (
			);
			runOnlyForDeploymentPostprocessing = 0;
		};
/* End PBXFrameworksBuildPhase section */

/* Begin PBXGroup section */
		52A5B0CA1D36F2FD0079BA36 = {
			isa = PBXGroup;
			children = (
				52A5B0D51D36F2FD0079BA36 /* WrongCastle */,
				52A5B0D41D36F2FD0079BA36 /* Products */,
			);
			sourceTree = "<group>";
		};
		52A5B0D41D36F2FD0079BA36 /* Products */ = {
			isa = PBXGroup;
			children = (
				52A5B0D31D36F2FD0079BA36 /* WrongCastle.app */,
			);
			name = Products;
			sourceTree = "<group>";
		};
		52A5B0D51D36F2FD0079BA36 /* WrongCastle */ = {
			isa = PBXGroup;
			children = (
				52A5B0D61D36F2FD0079BA36 /* AppDelegate.swift */,
				52A5B0D81D36F2FD0079BA36 /* GameScene.sks */,
				52A5B0DA1D36F2FD0079BA36 /* GameScene.swift */,
				52A5B0DC1D36F2FD0079BA36 /* GameViewController.swift */,
				52A5B0DE1D36F2FD0079BA36 /* Main.storyboard */,
				52A5B0E11D36F2FD0079BA36 /* Assets.xcassets */,
				52A5B0E31D36F2FD0079BA36 /* LaunchScreen.storyboard */,
				52A5B0E61D36F2FD0079BA36 /* Info.plist */,
			);
			path = WrongCastle;
			sourceTree = "<group>";
		};
/* End PBXGroup section */

/* Begin PBXNativeTarget section */
		52A5B0D21D36F2FD0079BA36 /* WrongCastle */ = {
			isa = PBXNativeTarget;
			buildConfigurationList = 52A5B0E91D36F2FD0079BA36 /* Build configuration list for PBXNativeTarget "WrongCastle" */;
			buildPhases = (
				52A5B0CF1D36F2FD0079BA36 /* Sources */,
				52A5B0D01D36F2FD0079BA36 /* Frameworks */,
				52A5B0D11D36F2FD0079BA36 /* Resources */,
			);
			buildRules = (
			);
			dependencies = (
			);
			name = WrongCastle;
			productName = WrongCastle;
			productReference = 52A5B0D31D36F2FD0079BA36 /* WrongCastle.app */;
			productType = "com.apple.product-type.application";
		};
/* End PBXNativeTarget section */

/* Begin PBXProject section */
		52A5B0CB1D36F2FD0079BA36 /* Project object */ = {
			isa = PBXProject;
			attributes = {
				LastSwiftUpdateCheck = 0730;
				LastUpgradeCheck = 0730;
				ORGANIZATIONNAME = "NiidMo Games";
				TargetAttributes = {
					52A5B0D21D36F2FD0079BA36 = {
						CreatedOnToolsVersion = 7.3.1;
					};
				};
			};
			buildConfigurationList = 52A5B0CE1D36F2FD0079BA36 /* Build configuration list for PBXProject "WrongCastle" */;
			compatibilityVersion = "Xcode 3.2";
			developmentRegion = English;
			hasScannedForEncodings = 0;
			knownRegions = (
				en,
				Base,
			);
			mainGroup = 52A5B0CA1D36F2FD0079BA36;
			productRefGroup = 52A5B0D41D36F2FD0079BA36 /* Products */;
			projectDirPath = "";
			projectRoot = "";
			targets = (
				52A5B0D21D36F2FD0079BA36 /* WrongCastle */,
			);
		};
/* End PBXProject section */

/* Begin PBXResourcesBuildPhase section */
		52A5B0D11D36F2FD0079BA36 /* Resources */ = {
			isa = PBXResourcesBuildPhase;
			buildActionMask = 2147483647;
			files = (
				52A5B0D91D36F2FD0079BA36 /* GameScene.sks in Resources */,
				52A5B0E51D36F2FD0079BA36 /* LaunchScreen.storyboard in Resources */,
				52A5B0E21D36F2FD0079BA36 /* Assets.xcassets in Resources */,
				52A5B0E01D36F2FD0079BA36 /* Main.storyboard in Resources */,
			);
			runOnlyForDeploymentPostprocessing = 0;
		};
/* End PBXResourcesBuildPhase section */

/* Begin PBXSourcesBuildPhase section */
		52A5B0CF1D36F2FD0079BA36 /* Sources */ = {
			isa = PBXSourcesBuildPhase;
			buildActionMask = 2147483647;
			files = (
				52A5B0DB1D36F2FD0079BA36 /* GameScene.swift in Sources */,
				52A5B0DD1D36F2FD0079BA36 /* GameViewController.swift in Sources */,
				52A5B0D71D36F2FD0079BA36 /* AppDelegate.swift in Sources */,
			);
			runOnlyForDeploymentPostprocessing = 0;
		};
/* End PBXSourcesBuildPhase section */

/* Begin PBXVariantGroup section */
		52A5B0DE1D36F2FD0079BA36 /* Main.storyboard */ = {
			isa = PBXVariantGroup;
			children = (
				52A5B0DF1D36F2FD0079BA36 /* Base */,
			);
			name = Main.storyboard;
			sourceTree = "<group>";
		};
		52A5B0E31D36F2FD0079BA36 /* LaunchScreen.storyboard */ = {
			isa = PBXVariantGroup;
			children = (
				52A5B0E41D36F2FD0079BA36 /* Base */,
			);
			name = LaunchScreen.storyboard;
			sourceTree = "<group>";
		};
/* End PBXVariantGroup section */

/* Begin XCBuildConfiguration section */
		52A5B0E71D36F2FD0079BA36 /* Debug */ = {
			isa = XCBuildConfiguration;
			buildSettings = {
				ALWAYS_SEARCH_USER_PATHS = NO;
				CLANG_ANALYZER_NONNULL = YES;
				CLANG_CXX_LANGUAGE_STANDARD = "gnu++0x";
				CLANG_CXX_LIBRARY = "libc++";
				CLANG_ENABLE_MODULES = YES;
				CLANG_ENABLE_OBJC_ARC = YES;
				CLANG_WARN_BOOL_CONVERSION = YES;
				CLANG_WARN_CONSTANT_CONVERSION = YES;
				CLANG_WARN_DIRECT_OBJC_ISA_USAGE = YES_ERROR;
				CLANG_WARN_EMPTY_BODY = YES;
				CLANG_WARN_ENUM_CONVERSION = YES;
				CLANG_WARN_INT_CONVERSION = YES;
				CLANG_WARN_OBJC_ROOT_CLASS = YES_ERROR;
				CLANG_WARN_UNREACHABLE_CODE = YES;
				CLANG_WARN__DUPLICATE_METHOD_MATCH = YES;
				"CODE_SIGN_IDENTITY[sdk=iphoneos*]" = "iPhone Developer";
				COPY_PHASE_STRIP = NO;
				DEBUG_INFORMATION_FORMAT = "dwarf-with-dsym";
				ENABLE_STRICT_OBJC_MSGSEND = YES;
				ENABLE_TESTABILITY = YES;
				GCC_C_LANGUAGE_STANDARD = gnu99;
				GCC_DYNAMIC_NO_PIC = NO;
				GCC_NO_COMMON_BLOCKS = YES;
				GCC_OPTIMIZATION_LEVEL = 0;
				GCC_PREPROCESSOR_DEFINITIONS = (
					"DEBUG=1",
					"$(inherited)",
				);
				GCC_WARN_64_TO_32_BIT_CONVERSION = YES;
				GCC_WARN_ABOUT_RETURN_TYPE = YES_ERROR;
				GCC_WARN_UNDECLARED_SELECTOR = YES;
				GCC_WARN_UNINITIALIZED_AUTOS = YES_AGGRESSIVE;
				GCC_WARN_UNUSED_FUNCTION = YES;
				GCC_WARN_UNUSED_VARIABLE = YES;
				IPHONEOS_DEPLOYMENT_TARGET = 9.3;
				MTL_ENABLE_DEBUG_INFO = YES;
				ONLY_ACTIVE_ARCH = YES;
				SDKROOT = iphoneos;
				SWIFT_OPTIMIZATION_LEVEL = "-Onone";
			};
			name = Debug;
		};
		52A5B0E81D36F2FD0079BA36 /* Release */ = {
			isa = XCBuildConfiguration;
			buildSettings = {
				ALWAYS_SEARCH_USER_PATHS = NO;
				CLANG_ANALYZER_NONNULL = YES;
				CLANG_CXX_LANGUAGE_STANDARD = "gnu++0x";
				CLANG_CXX_LIBRARY = "libc++";
				CLANG_ENABLE_MODULES = YES;
				CLANG_ENABLE_OBJC_ARC = YES;
				CLANG_WARN_BOOL_CONVERSION = YES;
				CLANG_WARN_CONSTANT_CONVERSION = YES;
				CLANG_WARN_DIRECT_OBJC_ISA_USAGE = YES_ERROR;
				CLANG_WARN_EMPTY_BODY = YES;
				CLANG_WARN_ENUM_CONVERSION = YES;
				CLANG_WARN_INT_CONVERSION = YES;
				CLANG_WARN_OBJC_ROOT_CLASS = YES_ERROR;
				CLANG_WARN_UNREACHABLE_CODE = YES;
				CLANG_WARN__DUPLICATE_METHOD_MATCH = YES;
				"CODE_SIGN_IDENTITY[sdk=iphoneos*]" = "iPhone Developer";
				COPY_PHASE_STRIP = NO;
				DEBUG_INFORMATION_FORMAT = "dwarf-with-dsym";
				ENABLE_NS_ASSERTIONS = NO;
				ENABLE_STRICT_OBJC_MSGSEND = YES;
				GCC_C_LANGUAGE_STANDARD = gnu99;
				GCC_NO_COMMON_BLOCKS = YES;
				GCC_WARN_64_TO_32_BIT_CONVERSION = YES;
				GCC_WARN_ABOUT_RETURN_TYPE = YES_ERROR;
				GCC_WARN_UNDECLARED_SELECTOR = YES;
				GCC_WARN_UNINITIALIZED_AUTOS = YES_AGGRESSIVE;
				GCC_WARN_UNUSED_FUNCTION = YES;
				GCC_WARN_UNUSED_VARIABLE = YES;
				IPHONEOS_DEPLOYMENT_TARGET = 9.3;
				MTL_ENABLE_DEBUG_INFO = NO;
				SDKROOT = iphoneos;
				VALIDATE_PRODUCT = YES;
			};
			name = Release;
		};
		52A5B0EA1D36F2FD0079BA36 /* Debug */ = {
			isa = XCBuildConfiguration;
			buildSettings = {
				ASSETCATALOG_COMPILER_APPICON_NAME = AppIcon;
				INFOPLIST_FILE = WrongCastle/Info.plist;
				LD_RUNPATH_SEARCH_PATHS = "$(inherited) @executable_path/Frameworks";
				PRODUCT_BUNDLE_IDENTIFIER = com.makeschool.WrongCastle;
				PRODUCT_NAME = "$(TARGET_NAME)";
			};
			name = Debug;
		};
		52A5B0EB1D36F2FD0079BA36 /* Release */ = {
			isa = XCBuildConfiguration;
			buildSettings = {
				ASSETCATALOG_COMPILER_APPICON_NAME = AppIcon;
				INFOPLIST_FILE = WrongCastle/Info.plist;
				LD_RUNPATH_SEARCH_PATHS = "$(inherited) @executable_path/Frameworks";
				PRODUCT_BUNDLE_IDENTIFIER = com.makeschool.WrongCastle;
				PRODUCT_NAME = "$(TARGET_NAME)";
			};
			name = Release;
		};
/* End XCBuildConfiguration section */

/* Begin XCConfigurationList section */
		52A5B0CE1D36F2FD0079BA36 /* Build configuration list for PBXProject "WrongCastle" */ = {
			isa = XCConfigurationList;
			buildConfigurations = (
				52A5B0E71D36F2FD0079BA36 /* Debug */,
				52A5B0E81D36F2FD0079BA36 /* Release */,
			);
			defaultConfigurationIsVisible = 0;
			defaultConfigurationName = Release;
		};
		52A5B0E91D36F2FD0079BA36 /* Build configuration list for PBXNativeTarget "WrongCastle" */ = {
			isa = XCConfigurationList;
			buildConfigurations = (
				52A5B0EA1D36F2FD0079BA36 /* Debug */,
				52A5B0EB1D36F2FD0079BA36 /* Release */,
			);
			defaultConfigurationIsVisible = 0;
		};
/* End XCConfigurationList section */
	};
	rootObject = 52A5B0CB1D36F2FD0079BA36 /* Project object */;
}
